// !$*UTF8*$!
{
	archiveVersion = 1;
	classes = {
	};
	objectVersion = 46;
	objects = {

/* Begin PBXBuildFile section */
		C8932A541A1BCE7000C720B4 /* main.m in Sources */ = {isa = PBXBuildFile; fileRef = C8932A531A1BCE7000C720B4 /* main.m */; };
		C8932A571A1BCE7000C720B4 /* AppDelegate.m in Sources */ = {isa = PBXBuildFile; fileRef = C8932A561A1BCE7000C720B4 /* AppDelegate.m */; };
		C8932A5A1A1BCE7000C720B4 /* FirstViewController.m in Sources */ = {isa = PBXBuildFile; fileRef = C8932A591A1BCE7000C720B4 /* FirstViewController.m */; };
		C8932A5D1A1BCE7100C720B4 /* SecondViewController.m in Sources */ = {isa = PBXBuildFile; fileRef = C8932A5C1A1BCE7100C720B4 /* SecondViewController.m */; };
		C8932A601A1BCE7100C720B4 /* Main.storyboard in Resources */ = {isa = PBXBuildFile; fileRef = C8932A5E1A1BCE7100C720B4 /* Main.storyboard */; };
		C8932A621A1BCE7100C720B4 /* Images.xcassets in Resources */ = {isa = PBXBuildFile; fileRef = C8932A611A1BCE7100C720B4 /* Images.xcassets */; };
		C8932A651A1BCE7100C720B4 /* LaunchScreen.xib in Resources */ = {isa = PBXBuildFile; fileRef = C8932A631A1BCE7100C720B4 /* LaunchScreen.xib */; };
		C8932A711A1BCE7100C720B4 /* nooklyn_tabTests.m in Sources */ = {isa = PBXBuildFile; fileRef = C8932A701A1BCE7100C720B4 /* nooklyn_tabTests.m */; };
/* End PBXBuildFile section */

/* Begin PBXContainerItemProxy section */
		C8932A6B1A1BCE7100C720B4 /* PBXContainerItemProxy */ = {
			isa = PBXContainerItemProxy;
			containerPortal = C8932A461A1BCE7000C720B4 /* Project object */;
			proxyType = 1;
			remoteGlobalIDString = C8932A4D1A1BCE7000C720B4;
			remoteInfo = "nooklyn-tab";
		};
/* End PBXContainerItemProxy section */

/* Begin PBXFileReference section */
		C8932A4E1A1BCE7000C720B4 /* nooklyn-tab.app */ = {isa = PBXFileReference; explicitFileType = wrapper.application; includeInIndex = 0; path = "nooklyn-tab.app"; sourceTree = BUILT_PRODUCTS_DIR; };
		C8932A521A1BCE7000C720B4 /* Info.plist */ = {isa = PBXFileReference; lastKnownFileType = text.plist.xml; path = Info.plist; sourceTree = "<group>"; };
		C8932A531A1BCE7000C720B4 /* main.m */ = {isa = PBXFileReference; lastKnownFileType = sourcecode.c.objc; path = main.m; sourceTree = "<group>"; };
		C8932A551A1BCE7000C720B4 /* AppDelegate.h */ = {isa = PBXFileReference; lastKnownFileType = sourcecode.c.h; path = AppDelegate.h; sourceTree = "<group>"; };
		C8932A561A1BCE7000C720B4 /* AppDelegate.m */ = {isa = PBXFileReference; lastKnownFileType = sourcecode.c.objc; path = AppDelegate.m; sourceTree = "<group>"; };
		C8932A581A1BCE7000C720B4 /* FirstViewController.h */ = {isa = PBXFileReference; lastKnownFileType = sourcecode.c.h; path = FirstViewController.h; sourceTree = "<group>"; };
		C8932A591A1BCE7000C720B4 /* FirstViewController.m */ = {isa = PBXFileReference; lastKnownFileType = sourcecode.c.objc; path = FirstViewController.m; sourceTree = "<group>"; };
		C8932A5B1A1BCE7000C720B4 /* SecondViewController.h */ = {isa = PBXFileReference; lastKnownFileType = sourcecode.c.h; path = SecondViewController.h; sourceTree = "<group>"; };
		C8932A5C1A1BCE7100C720B4 /* SecondViewController.m */ = {isa = PBXFileReference; lastKnownFileType = sourcecode.c.objc; path = SecondViewController.m; sourceTree = "<group>"; };
		C8932A5F1A1BCE7100C720B4 /* Base */ = {isa = PBXFileReference; lastKnownFileType = file.storyboard; name = Base; path = Base.lproj/Main.storyboard; sourceTree = "<group>"; };
		C8932A611A1BCE7100C720B4 /* Images.xcassets */ = {isa = PBXFileReference; lastKnownFileType = folder.assetcatalog; path = Images.xcassets; sourceTree = "<group>"; };
		C8932A641A1BCE7100C720B4 /* Base */ = {isa = PBXFileReference; lastKnownFileType = file.xib; name = Base; path = Base.lproj/LaunchScreen.xib; sourceTree = "<group>"; };
		C8932A6A1A1BCE7100C720B4 /* nooklyn-tabTests.xctest */ = {isa = PBXFileReference; explicitFileType = wrapper.cfbundle; includeInIndex = 0; path = "nooklyn-tabTests.xctest"; sourceTree = BUILT_PRODUCTS_DIR; };
		C8932A6F1A1BCE7100C720B4 /* Info.plist */ = {isa = PBXFileReference; lastKnownFileType = text.plist.xml; path = Info.plist; sourceTree = "<group>"; };
		C8932A701A1BCE7100C720B4 /* nooklyn_tabTests.m */ = {isa = PBXFileReference; lastKnownFileType = sourcecode.c.objc; path = nooklyn_tabTests.m; sourceTree = "<group>"; };
/* End PBXFileReference section */

/* Begin PBXFrameworksBuildPhase section */
		C8932A4B1A1BCE7000C720B4 /* Frameworks */ = {
			isa = PBXFrameworksBuildPhase;
			buildActionMask = 2147483647;
			files = (
			);
			runOnlyForDeploymentPostprocessing = 0;
		};
		C8932A671A1BCE7100C720B4 /* Frameworks */ = {
			isa = PBXFrameworksBuildPhase;
			buildActionMask = 2147483647;
			files = (
			);
			runOnlyForDeploymentPostprocessing = 0;
		};
/* End PBXFrameworksBuildPhase section */

/* Begin PBXGroup section */
		C8932A451A1BCE7000C720B4 = {
			isa = PBXGroup;
			children = (
				C8932A501A1BCE7000C720B4 /* nooklyn-tab */,
				C8932A6D1A1BCE7100C720B4 /* nooklyn-tabTests */,
				C8932A4F1A1BCE7000C720B4 /* Products */,
			);
			sourceTree = "<group>";
		};
		C8932A4F1A1BCE7000C720B4 /* Products */ = {
			isa = PBXGroup;
			children = (
				C8932A4E1A1BCE7000C720B4 /* nooklyn-tab.app */,
				C8932A6A1A1BCE7100C720B4 /* nooklyn-tabTests.xctest */,
			);
			name = Products;
			sourceTree = "<group>";
		};
		C8932A501A1BCE7000C720B4 /* nooklyn-tab */ = {
			isa = PBXGroup;
			children = (
				C8932A551A1BCE7000C720B4 /* AppDelegate.h */,
				C8932A561A1BCE7000C720B4 /* AppDelegate.m */,
				C8932A581A1BCE7000C720B4 /* FirstViewController.h */,
				C8932A591A1BCE7000C720B4 /* FirstViewController.m */,
				C8932A5B1A1BCE7000C720B4 /* SecondViewController.h */,
				C8932A5C1A1BCE7100C720B4 /* SecondViewController.m */,
				C8932A5E1A1BCE7100C720B4 /* Main.storyboard */,
				C8932A611A1BCE7100C720B4 /* Images.xcassets */,
				C8932A631A1BCE7100C720B4 /* LaunchScreen.xib */,
				C8932A511A1BCE7000C720B4 /* Supporting Files */,
			);
			path = "nooklyn-tab";
			sourceTree = "<group>";
		};
		C8932A511A1BCE7000C720B4 /* Supporting Files */ = {
			isa = PBXGroup;
			children = (
				C8932A521A1BCE7000C720B4 /* Info.plist */,
				C8932A531A1BCE7000C720B4 /* main.m */,
			);
			name = "Supporting Files";
			sourceTree = "<group>";
		};
		C8932A6D1A1BCE7100C720B4 /* nooklyn-tabTests */ = {
			isa = PBXGroup;
			children = (
				C8932A701A1BCE7100C720B4 /* nooklyn_tabTests.m */,
				C8932A6E1A1BCE7100C720B4 /* Supporting Files */,
			);
			path = "nooklyn-tabTests";
			sourceTree = "<group>";
		};
		C8932A6E1A1BCE7100C720B4 /* Supporting Files */ = {
			isa = PBXGroup;
			children = (
				C8932A6F1A1BCE7100C720B4 /* Info.plist */,
			);
			name = "Supporting Files";
			sourceTree = "<group>";
		};
/* End PBXGroup section */

/* Begin PBXNativeTarget section */
		C8932A4D1A1BCE7000C720B4 /* nooklyn-tab */ = {
			isa = PBXNativeTarget;
			buildConfigurationList = C8932A741A1BCE7100C720B4 /* Build configuration list for PBXNativeTarget "nooklyn-tab" */;
			buildPhases = (
				C8932A4A1A1BCE7000C720B4 /* Sources */,
				C8932A4B1A1BCE7000C720B4 /* Frameworks */,
				C8932A4C1A1BCE7000C720B4 /* Resources */,
			);
			buildRules = (
			);
			dependencies = (
			);
			name = "nooklyn-tab";
			productName = "nooklyn-tab";
			productReference = C8932A4E1A1BCE7000C720B4 /* nooklyn-tab.app */;
			productType = "com.apple.product-type.application";
		};
		C8932A691A1BCE7100C720B4 /* nooklyn-tabTests */ = {
			isa = PBXNativeTarget;
			buildConfigurationList = C8932A771A1BCE7100C720B4 /* Build configuration list for PBXNativeTarget "nooklyn-tabTests" */;
			buildPhases = (
				C8932A661A1BCE7100C720B4 /* Sources */,
				C8932A671A1BCE7100C720B4 /* Frameworks */,
				C8932A681A1BCE7100C720B4 /* Resources */,
			);
			buildRules = (
			);
			dependencies = (
				C8932A6C1A1BCE7100C720B4 /* PBXTargetDependency */,
			);
			name = "nooklyn-tabTests";
			productName = "nooklyn-tabTests";
			productReference = C8932A6A1A1BCE7100C720B4 /* nooklyn-tabTests.xctest */;
			productType = "com.apple.product-type.bundle.unit-test";
		};
/* End PBXNativeTarget section */

/* Begin PBXProject section */
		C8932A461A1BCE7000C720B4 /* Project object */ = {
			isa = PBXProject;
			attributes = {
				LastUpgradeCheck = 0610;
				ORGANIZATIONNAME = Moiz;
				TargetAttributes = {
					C8932A4D1A1BCE7000C720B4 = {
						CreatedOnToolsVersion = 6.1;
						DevelopmentTeam = VWKBDST4AP;
					};
					C8932A691A1BCE7100C720B4 = {
						CreatedOnToolsVersion = 6.1;
						TestTargetID = C8932A4D1A1BCE7000C720B4;
					};
				};
			};
			buildConfigurationList = C8932A491A1BCE7000C720B4 /* Build configuration list for PBXProject "nooklyn-tab" */;
			compatibilityVersion = "Xcode 3.2";
			developmentRegion = English;
			hasScannedForEncodings = 0;
			knownRegions = (
				en,
				Base,
			);
			mainGroup = C8932A451A1BCE7000C720B4;
			productRefGroup = C8932A4F1A1BCE7000C720B4 /* Products */;
			projectDirPath = "";
			projectRoot = "";
			targets = (
				C8932A4D1A1BCE7000C720B4 /* nooklyn-tab */,
				C8932A691A1BCE7100C720B4 /* nooklyn-tabTests */,
			);
		};
/* End PBXProject section */

/* Begin PBXResourcesBuildPhase section */
		C8932A4C1A1BCE7000C720B4 /* Resources */ = {
			isa = PBXResourcesBuildPhase;
			buildActionMask = 2147483647;
			files = (
				C8932A601A1BCE7100C720B4 /* Main.storyboard in Resources */,
				C8932A651A1BCE7100C720B4 /* LaunchScreen.xib in Resources */,
				C8932A621A1BCE7100C720B4 /* Images.xcassets in Resources */,
			);
			runOnlyForDeploymentPostprocessing = 0;
		};
		C8932A681A1BCE7100C720B4 /* Resources */ = {
			isa = PBXResourcesBuildPhase;
			buildActionMask = 2147483647;
			files = (
			);
			runOnlyForDeploymentPostprocessing = 0;
		};
/* End PBXResourcesBuildPhase section */

/* Begin PBXSourcesBuildPhase section */
		C8932A4A1A1BCE7000C720B4 /* Sources */ = {
			isa = PBXSourcesBuildPhase;
			buildActionMask = 2147483647;
			files = (
				C8932A5D1A1BCE7100C720B4 /* SecondViewController.m in Sources */,
				C8932A571A1BCE7000C720B4 /* AppDelegate.m in Sources */,
				C8932A5A1A1BCE7000C720B4 /* FirstViewController.m in Sources */,
				C8932A541A1BCE7000C720B4 /* main.m in Sources */,
			);
			runOnlyForDeploymentPostprocessing = 0;
		};
		C8932A661A1BCE7100C720B4 /* Sources */ = {
			isa = PBXSourcesBuildPhase;
			buildActionMask = 2147483647;
			files = (
				C8932A711A1BCE7100C720B4 /* nooklyn_tabTests.m in Sources */,
			);
			runOnlyForDeploymentPostprocessing = 0;
		};
/* End PBXSourcesBuildPhase section */

/* Begin PBXTargetDependency section */
		C8932A6C1A1BCE7100C720B4 /* PBXTargetDependency */ = {
			isa = PBXTargetDependency;
			target = C8932A4D1A1BCE7000C720B4 /* nooklyn-tab */;
			targetProxy = C8932A6B1A1BCE7100C720B4 /* PBXContainerItemProxy */;
		};
/* End PBXTargetDependency section */

/* Begin PBXVariantGroup section */
		C8932A5E1A1BCE7100C720B4 /* Main.storyboard */ = {
			isa = PBXVariantGroup;
			children = (
				C8932A5F1A1BCE7100C720B4 /* Base */,
			);
			name = Main.storyboard;
			sourceTree = "<group>";
		};
		C8932A631A1BCE7100C720B4 /* LaunchScreen.xib */ = {
			isa = PBXVariantGroup;
			children = (
				C8932A641A1BCE7100C720B4 /* Base */,
			);
			name = LaunchScreen.xib;
			sourceTree = "<group>";
		};
/* End PBXVariantGroup section */

/* Begin XCBuildConfiguration section */
		C8932A721A1BCE7100C720B4 /* Debug */ = {
			isa = XCBuildConfiguration;
			buildSettings = {
				ALWAYS_SEARCH_USER_PATHS = NO;
				CLANG_CXX_LANGUAGE_STANDARD = "gnu++0x";
				CLANG_CXX_LIBRARY = "libc++";
				CLANG_ENABLE_MODULES = YES;
				CLANG_ENABLE_OBJC_ARC = YES;
				CLANG_WARN_BOOL_CONVERSION = YES;
				CLANG_WARN_CONSTANT_CONVERSION = YES;
				CLANG_WARN_DIRECT_OBJC_ISA_USAGE = YES_ERROR;
				CLANG_WARN_EMPTY_BODY = YES;
				CLANG_WARN_ENUM_CONVERSION = YES;
				CLANG_WARN_INT_CONVERSION = YES;
				CLANG_WARN_OBJC_ROOT_CLASS = YES_ERROR;
				CLANG_WARN_UNREACHABLE_CODE = YES;
				CLANG_WARN__DUPLICATE_METHOD_MATCH = YES;
				"CODE_SIGN_IDENTITY[sdk=iphoneos*]" = "iPhone Developer";
				COPY_PHASE_STRIP = NO;
				ENABLE_STRICT_OBJC_MSGSEND = YES;
				GCC_C_LANGUAGE_STANDARD = gnu99;
				GCC_DYNAMIC_NO_PIC = NO;
				GCC_OPTIMIZATION_LEVEL = 0;
				GCC_PREPROCESSOR_DEFINITIONS = (
					"DEBUG=1",
					"$(inherited)",
				);
				GCC_SYMBOLS_PRIVATE_EXTERN = NO;
				GCC_WARN_64_TO_32_BIT_CONVERSION = YES;
				GCC_WARN_ABOUT_RETURN_TYPE = YES_ERROR;
				GCC_WARN_UNDECLARED_SELECTOR = YES;
				GCC_WARN_UNINITIALIZED_AUTOS = YES_AGGRESSIVE;
				GCC_WARN_UNUSED_FUNCTION = YES;
				GCC_WARN_UNUSED_VARIABLE = YES;
				IPHONEOS_DEPLOYMENT_TARGET = 8.1;
				MTL_ENABLE_DEBUG_INFO = YES;
				ONLY_ACTIVE_ARCH = YES;
				SDKROOT = iphoneos;
			};
			name = Debug;
		};
		C8932A731A1BCE7100C720B4 /* Release */ = {
			isa = XCBuildConfiguration;
			buildSettings = {
				ALWAYS_SEARCH_USER_PATHS = NO;
				CLANG_CXX_LANGUAGE_STANDARD = "gnu++0x";
				CLANG_CXX_LIBRARY = "libc++";
				CLANG_ENABLE_MODULES = YES;
				CLANG_ENABLE_OBJC_ARC = YES;
				CLANG_WARN_BOOL_CONVERSION = YES;
				CLANG_WARN_CONSTANT_CONVERSION = YES;
				CLANG_WARN_DIRECT_OBJC_ISA_USAGE = YES_ERROR;
				CLANG_WARN_EMPTY_BODY = YES;
				CLANG_WARN_ENUM_CONVERSION = YES;
				CLANG_WARN_INT_CONVERSION = YES;
				CLANG_WARN_OBJC_ROOT_CLASS = YES_ERROR;
				CLANG_WARN_UNREACHABLE_CODE = YES;
				CLANG_WARN__DUPLICATE_METHOD_MATCH = YES;
				"CODE_SIGN_IDENTITY[sdk=iphoneos*]" = "iPhone Developer";
				COPY_PHASE_STRIP = YES;
				ENABLE_NS_ASSERTIONS = NO;
				ENABLE_STRICT_OBJC_MSGSEND = YES;
				GCC_C_LANGUAGE_STANDARD = gnu99;
				GCC_WARN_64_TO_32_BIT_CONVERSION = YES;
				GCC_WARN_ABOUT_RETURN_TYPE = YES_ERROR;
				GCC_WARN_UNDECLARED_SELECTOR = YES;
				GCC_WARN_UNINITIALIZED_AUTOS = YES_AGGRESSIVE;
				GCC_WARN_UNUSED_FUNCTION = YES;
				GCC_WARN_UNUSED_VARIABLE = YES;
				IPHONEOS_DEPLOYMENT_TARGET = 8.1;
				MTL_ENABLE_DEBUG_INFO = NO;
				SDKROOT = iphoneos;
				VALIDATE_PRODUCT = YES;
			};
			name = Release;
		};
		C8932A751A1BCE7100C720B4 /* Debug */ = {
			isa = XCBuildConfiguration;
			buildSettings = {
				ASSETCATALOG_COMPILER_APPICON_NAME = AppIcon;
				CODE_SIGN_IDENTITY = "iPhone Developer";
				"CODE_SIGN_IDENTITY[sdk=iphoneos*]" = "iPhone Developer";
				INFOPLIST_FILE = "nooklyn-tab/Info.plist";
				LD_RUNPATH_SEARCH_PATHS = "$(inherited) @executable_path/Frameworks";
				PRODUCT_NAME = "$(TARGET_NAME)";
				PROVISIONING_PROFILE = "";
			};
			name = Debug;
		};
		C8932A761A1BCE7100C720B4 /* Release */ = {
			isa = XCBuildConfiguration;
			buildSettings = {
				ASSETCATALOG_COMPILER_APPICON_NAME = AppIcon;
				CODE_SIGN_IDENTITY = "iPhone Developer";
				"CODE_SIGN_IDENTITY[sdk=iphoneos*]" = "iPhone Developer";
				INFOPLIST_FILE = "nooklyn-tab/Info.plist";
				LD_RUNPATH_SEARCH_PATHS = "$(inherited) @executable_path/Frameworks";
				PRODUCT_NAME = "$(TARGET_NAME)";
				PROVISIONING_PROFILE = "";
			};
			name = Release;
		};
		C8932A781A1BCE7100C720B4 /* Debug */ = {
			isa = XCBuildConfiguration;
			buildSettings = {
				BUNDLE_LOADER = "$(TEST_HOST)";
				FRAMEWORK_SEARCH_PATHS = (
					"$(SDKROOT)/Developer/Library/Frameworks",
					"$(inherited)",
				);
				GCC_PREPROCESSOR_DEFINITIONS = (
					"DEBUG=1",
					"$(inherited)",
				);
				INFOPLIST_FILE = "nooklyn-tabTests/Info.plist";
				LD_RUNPATH_SEARCH_PATHS = "$(inherited) @executable_path/Frameworks @loader_path/Frameworks";
				PRODUCT_NAME = "$(TARGET_NAME)";
				TEST_HOST = "$(BUILT_PRODUCTS_DIR)/nooklyn-tab.app/nooklyn-tab";
			};
			name = Debug;
		};
		C8932A791A1BCE7100C720B4 /* Release */ = {
			isa = XCBuildConfiguration;
			buildSettings = {
				BUNDLE_LOADER = "$(TEST_HOST)";
				FRAMEWORK_SEARCH_PATHS = (
					"$(SDKROOT)/Developer/Library/Frameworks",
					"$(inherited)",
				);
				INFOPLIST_FILE = "nooklyn-tabTests/Info.plist";
				LD_RUNPATH_SEARCH_PATHS = "$(inherited) @executable_path/Frameworks @loader_path/Frameworks";
				PRODUCT_NAME = "$(TARGET_NAME)";
				TEST_HOST = "$(BUILT_PRODUCTS_DIR)/nooklyn-tab.app/nooklyn-tab";
			};
			name = Release;
		};
/* End XCBuildConfiguration section */

/* Begin XCConfigurationList section */
		C8932A491A1BCE7000C720B4 /* Build configuration list for PBXProject "nooklyn-tab" */ = {
			isa = XCConfigurationList;
			buildConfigurations = (
				C8932A721A1BCE7100C720B4 /* Debug */,
				C8932A731A1BCE7100C720B4 /* Release */,
			);
			defaultConfigurationIsVisible = 0;
			defaultConfigurationName = Release;
		};
		C8932A741A1BCE7100C720B4 /* Build configuration list for PBXNativeTarget "nooklyn-tab" */ = {
			isa = XCConfigurationList;
			buildConfigurations = (
				C8932A751A1BCE7100C720B4 /* Debug */,
				C8932A761A1BCE7100C720B4 /* Release */,
			);
			defaultConfigurationIsVisible = 0;
		};
		C8932A771A1BCE7100C720B4 /* Build configuration list for PBXNativeTarget "nooklyn-tabTests" */ = {
			isa = XCConfigurationList;
			buildConfigurations = (
				C8932A781A1BCE7100C720B4 /* Debug */,
				C8932A791A1BCE7100C720B4 /* Release */,
			);
			defaultConfigurationIsVisible = 0;
		};
/* End XCConfigurationList section */
	};
	rootObject = C8932A461A1BCE7000C720B4 /* Project object */;
}
